
Microsoft Visual Studio Solution File, Format Version 12.00
# Visual Studio Version 17
VisualStudioVersion = 17.11.35222.181
MinimumVisualStudioVersion = 10.0.40219.1
Project("{FAE04EC0-301F-11D3-BF4B-00C04F79EFBC}") = "Examination System", "Examination System\Examination System.csproj", "{B4B14339-41E4-4723-B1A8-B647BBD0924A}"
EndProject
Global
	GlobalSection(SolutionConfigurationPlatforms) = preSolution
		Debug|Any CPU = Debug|Any CPU
		Release|Any CPU = Release|Any CPU
	EndGlobalSection
	GlobalSection(ProjectConfigurationPlatforms) = postSolution
		{B4B14339-41E4-4723-B1A8-B647BBD0924A}.Debug|Any CPU.ActiveCfg = Debug|Any CPU
		{B4B14339-41E4-4723-B1A8-B647BBD0924A}.Debug|Any CPU.Build.0 = Debug|Any CPU
		{B4B14339-41E4-4723-B1A8-B647BBD0924A}.Release|Any CPU.ActiveCfg = Release|Any CPU
		{B4B14339-41E4-4723-B1A8-B647BBD0924A}.Release|Any CPU.Build.0 = Release|Any CPU
	EndGlobalSection
	GlobalSection(SolutionProperties) = preSolution
		HideSolutionNode = FALSE
	EndGlobalSection
	GlobalSection(ExtensibilityGlobals) = postSolution
		SolutionGuid = {D0F75F9E-C143-4287-B4BC-148BEF8AD0B3}
	EndGlobalSection
EndGlobal
